// !$*UTF8*$!
{
	archiveVersion = 1;
	classes = {
	};
	objectVersion = 56;
	objects = {

/* Begin PBXBuildFile section */
		B0049D7B2A582ACE00C29A75 /* Application.swift in Sources */ = {isa = PBXBuildFile; fileRef = B0049D7A2A582ACE00C29A75 /* Application.swift */; };
		B0049D7D2A582ACE00C29A75 /* ContentView.swift in Sources */ = {isa = PBXBuildFile; fileRef = B0049D7C2A582ACE00C29A75 /* ContentView.swift */; };
		B0049D7F2A582ACF00C29A75 /* Assets.xcassets in Resources */ = {isa = PBXBuildFile; fileRef = B0049D7E2A582ACF00C29A75 /* Assets.xcassets */; };
		B0049D822A582ACF00C29A75 /* Preview Assets.xcassets in Resources */ = {isa = PBXBuildFile; fileRef = B0049D812A582ACF00C29A75 /* Preview Assets.xcassets */; };
		B0049D8C2A582ACF00C29A75 /* SwiftUITutorialTests.swift in Sources */ = {isa = PBXBuildFile; fileRef = B0049D8B2A582ACF00C29A75 /* SwiftUITutorialTests.swift */; };
		B0049D962A582ACF00C29A75 /* SwiftUITutorialUITests.swift in Sources */ = {isa = PBXBuildFile; fileRef = B0049D952A582ACF00C29A75 /* SwiftUITutorialUITests.swift */; };
		B0049D982A582ACF00C29A75 /* SwiftUITutorialUITestsLaunchTests.swift in Sources */ = {isa = PBXBuildFile; fileRef = B0049D972A582ACF00C29A75 /* SwiftUITutorialUITestsLaunchTests.swift */; };
		B0049DA52A5833ED00C29A75 /* CircleImage.swift in Sources */ = {isa = PBXBuildFile; fileRef = B0049DA42A5833ED00C29A75 /* CircleImage.swift */; };
		B0049DA92A58351400C29A75 /* MapView.swift in Sources */ = {isa = PBXBuildFile; fileRef = B0049DA82A58351400C29A75 /* MapView.swift */; };
		B0049DAB2A583AB600C29A75 /* LandmarkData.json in Resources */ = {isa = PBXBuildFile; fileRef = B0049DAA2A583AB600C29A75 /* LandmarkData.json */; };
		B0049DAD2A583ADC00C29A75 /* Landmark.swift in Sources */ = {isa = PBXBuildFile; fileRef = B0049DAC2A583ADC00C29A75 /* Landmark.swift */; };
		B0049DAF2A583BBA00C29A75 /* ModelData.swift in Sources */ = {isa = PBXBuildFile; fileRef = B0049DAE2A583BBA00C29A75 /* ModelData.swift */; };
		B0049DB32A583C9B00C29A75 /* LandmarkRow.swift in Sources */ = {isa = PBXBuildFile; fileRef = B0049DB22A583C9B00C29A75 /* LandmarkRow.swift */; };
		B0049DB52A583EFB00C29A75 /* LandmarkList.swift in Sources */ = {isa = PBXBuildFile; fileRef = B0049DB42A583EFB00C29A75 /* LandmarkList.swift */; };
		B0049DB72A583FD700C29A75 /* LandmarkDetail.swift in Sources */ = {isa = PBXBuildFile; fileRef = B0049DB62A583FD700C29A75 /* LandmarkDetail.swift */; };
		B0049DB92A584B1400C29A75 /* FavoriteButton.swift in Sources */ = {isa = PBXBuildFile; fileRef = B0049DB82A584B1400C29A75 /* FavoriteButton.swift */; };
		B0049DBD2A584ED500C29A75 /* HexagonParameters.swift in Sources */ = {isa = PBXBuildFile; fileRef = B0049DBC2A584ED500C29A75 /* HexagonParameters.swift */; };
		B0049DC02A584F8B00C29A75 /* BadgeBackground.swift in Sources */ = {isa = PBXBuildFile; fileRef = B0049DBF2A584F8B00C29A75 /* BadgeBackground.swift */; };
		B0049DC22A58521E00C29A75 /* BadgeSymbol.swift in Sources */ = {isa = PBXBuildFile; fileRef = B0049DC12A58521E00C29A75 /* BadgeSymbol.swift */; };
		B0049DC42A58529E00C29A75 /* RotatedBadgeSymbol.swift in Sources */ = {isa = PBXBuildFile; fileRef = B0049DC32A58529E00C29A75 /* RotatedBadgeSymbol.swift */; };
		B0049DC62A5852EB00C29A75 /* Badge.swift in Sources */ = {isa = PBXBuildFile; fileRef = B0049DC52A5852EB00C29A75 /* Badge.swift */; };
		B0049DC82A5854F000C29A75 /* HikeData.json in Resources */ = {isa = PBXBuildFile; fileRef = B0049DC72A5854F000C29A75 /* HikeData.json */; };
		B0049DCA2A58552400C29A75 /* Hike.swift in Sources */ = {isa = PBXBuildFile; fileRef = B0049DC92A58552400C29A75 /* Hike.swift */; };
		B0049DD02A58559A00C29A75 /* GraphCapsule.swift in Sources */ = {isa = PBXBuildFile; fileRef = B0049DCC2A58559A00C29A75 /* GraphCapsule.swift */; };
		B0049DD12A58559A00C29A75 /* HikeGraph.swift in Sources */ = {isa = PBXBuildFile; fileRef = B0049DCD2A58559A00C29A75 /* HikeGraph.swift */; };
		B0049DD22A58559A00C29A75 /* HikeDetail.swift in Sources */ = {isa = PBXBuildFile; fileRef = B0049DCE2A58559A00C29A75 /* HikeDetail.swift */; };
		B0049DD32A58559A00C29A75 /* HikeView.swift in Sources */ = {isa = PBXBuildFile; fileRef = B0049DCF2A58559A00C29A75 /* HikeView.swift */; };
		B0049DD62A5859D400C29A75 /* CategoryHome.swift in Sources */ = {isa = PBXBuildFile; fileRef = B0049DD52A5859D400C29A75 /* CategoryHome.swift */; };
		B0049DD82A585A7B00C29A75 /* CategoryRow.swift in Sources */ = {isa = PBXBuildFile; fileRef = B0049DD72A585A7B00C29A75 /* CategoryRow.swift */; };
		B0049DDA2A585ACF00C29A75 /* CategoryItem.swift in Sources */ = {isa = PBXBuildFile; fileRef = B0049DD92A585ACF00C29A75 /* CategoryItem.swift */; };
		B0049DDC2A585FFA00C29A75 /* Profile.swift in Sources */ = {isa = PBXBuildFile; fileRef = B0049DDB2A585FFA00C29A75 /* Profile.swift */; };
		B0049DDF2A58604700C29A75 /* ProfileHost.swift in Sources */ = {isa = PBXBuildFile; fileRef = B0049DDE2A58604700C29A75 /* ProfileHost.swift */; };
		B0049DE12A58606900C29A75 /* ProfileSummary.swift in Sources */ = {isa = PBXBuildFile; fileRef = B0049DE02A58606900C29A75 /* ProfileSummary.swift */; };
		B0049DE32A5860DA00C29A75 /* HikeBadge.swift in Sources */ = {isa = PBXBuildFile; fileRef = B0049DE22A5860DA00C29A75 /* HikeBadge.swift */; };
		B0049DE52A58641400C29A75 /* ProfileEditor.swift in Sources */ = {isa = PBXBuildFile; fileRef = B0049DE42A58641400C29A75 /* ProfileEditor.swift */; };
		B0049DE82A58683500C29A75 /* PageViewController.swift in Sources */ = {isa = PBXBuildFile; fileRef = B0049DE72A58683500C29A75 /* PageViewController.swift */; };
		B0049DEA2A5868D700C29A75 /* FeatureCard.swift in Sources */ = {isa = PBXBuildFile; fileRef = B0049DE92A5868D700C29A75 /* FeatureCard.swift */; };
		B0049DEC2A58693D00C29A75 /* PageView.swift in Sources */ = {isa = PBXBuildFile; fileRef = B0049DEB2A58693D00C29A75 /* PageView.swift */; };
		B0049DEE2A586B1D00C29A75 /* PageControl.swift in Sources */ = {isa = PBXBuildFile; fileRef = B0049DED2A586B1D00C29A75 /* PageControl.swift */; };
/* End PBXBuildFile section */

/* Begin PBXContainerItemProxy section */
		B0049D882A582ACF00C29A75 /* PBXContainerItemProxy */ = {
			isa = PBXContainerItemProxy;
			containerPortal = B0049D6F2A582ACE00C29A75 /* Project object */;
			proxyType = 1;
			remoteGlobalIDString = B0049D762A582ACE00C29A75;
			remoteInfo = SwiftUITutorial;
		};
		B0049D922A582ACF00C29A75 /* PBXContainerItemProxy */ = {
			isa = PBXContainerItemProxy;
			containerPortal = B0049D6F2A582ACE00C29A75 /* Project object */;
			proxyType = 1;
			remoteGlobalIDString = B0049D762A582ACE00C29A75;
			remoteInfo = SwiftUITutorial;
		};
/* End PBXContainerItemProxy section */

/* Begin PBXFileReference section */
		B0049D772A582ACE00C29A75 /* SwiftUITutorial.app */ = {isa = PBXFileReference; explicitFileType = wrapper.application; includeInIndex = 0; path = SwiftUITutorial.app; sourceTree = BUILT_PRODUCTS_DIR; };
		B0049D7A2A582ACE00C29A75 /* Application.swift */ = {isa = PBXFileReference; lastKnownFileType = sourcecode.swift; path = Application.swift; sourceTree = "<group>"; };
		B0049D7C2A582ACE00C29A75 /* ContentView.swift */ = {isa = PBXFileReference; lastKnownFileType = sourcecode.swift; path = ContentView.swift; sourceTree = "<group>"; };
		B0049D7E2A582ACF00C29A75 /* Assets.xcassets */ = {isa = PBXFileReference; lastKnownFileType = folder.assetcatalog; path = Assets.xcassets; sourceTree = "<group>"; };
		B0049D812A582ACF00C29A75 /* Preview Assets.xcassets */ = {isa = PBXFileReference; lastKnownFileType = folder.assetcatalog; path = "Preview Assets.xcassets"; sourceTree = "<group>"; };
		B0049D872A582ACF00C29A75 /* SwiftUITutorialTests.xctest */ = {isa = PBXFileReference; explicitFileType = wrapper.cfbundle; includeInIndex = 0; path = SwiftUITutorialTests.xctest; sourceTree = BUILT_PRODUCTS_DIR; };
		B0049D8B2A582ACF00C29A75 /* SwiftUITutorialTests.swift */ = {isa = PBXFileReference; lastKnownFileType = sourcecode.swift; path = SwiftUITutorialTests.swift; sourceTree = "<group>"; };
		B0049D912A582ACF00C29A75 /* SwiftUITutorialUITests.xctest */ = {isa = PBXFileReference; explicitFileType = wrapper.cfbundle; includeInIndex = 0; path = SwiftUITutorialUITests.xctest; sourceTree = BUILT_PRODUCTS_DIR; };
		B0049D952A582ACF00C29A75 /* SwiftUITutorialUITests.swift */ = {isa = PBXFileReference; lastKnownFileType = sourcecode.swift; path = SwiftUITutorialUITests.swift; sourceTree = "<group>"; };
		B0049D972A582ACF00C29A75 /* SwiftUITutorialUITestsLaunchTests.swift */ = {isa = PBXFileReference; lastKnownFileType = sourcecode.swift; path = SwiftUITutorialUITestsLaunchTests.swift; sourceTree = "<group>"; };
		B0049DA42A5833ED00C29A75 /* CircleImage.swift */ = {isa = PBXFileReference; lastKnownFileType = sourcecode.swift; path = CircleImage.swift; sourceTree = "<group>"; };
		B0049DA82A58351400C29A75 /* MapView.swift */ = {isa = PBXFileReference; lastKnownFileType = sourcecode.swift; path = MapView.swift; sourceTree = "<group>"; };
		B0049DAA2A583AB600C29A75 /* LandmarkData.json */ = {isa = PBXFileReference; fileEncoding = 4; lastKnownFileType = text.json; path = LandmarkData.json; sourceTree = "<group>"; };
		B0049DAC2A583ADC00C29A75 /* Landmark.swift */ = {isa = PBXFileReference; lastKnownFileType = sourcecode.swift; path = Landmark.swift; sourceTree = "<group>"; };
		B0049DAE2A583BBA00C29A75 /* ModelData.swift */ = {isa = PBXFileReference; lastKnownFileType = sourcecode.swift; path = ModelData.swift; sourceTree = "<group>"; };
		B0049DB22A583C9B00C29A75 /* LandmarkRow.swift */ = {isa = PBXFileReference; lastKnownFileType = sourcecode.swift; path = LandmarkRow.swift; sourceTree = "<group>"; };
		B0049DB42A583EFB00C29A75 /* LandmarkList.swift */ = {isa = PBXFileReference; lastKnownFileType = sourcecode.swift; path = LandmarkList.swift; sourceTree = "<group>"; };
		B0049DB62A583FD700C29A75 /* LandmarkDetail.swift */ = {isa = PBXFileReference; lastKnownFileType = sourcecode.swift; path = LandmarkDetail.swift; sourceTree = "<group>"; };
		B0049DB82A584B1400C29A75 /* FavoriteButton.swift */ = {isa = PBXFileReference; lastKnownFileType = sourcecode.swift; path = FavoriteButton.swift; sourceTree = "<group>"; };
		B0049DBC2A584ED500C29A75 /* HexagonParameters.swift */ = {isa = PBXFileReference; lastKnownFileType = sourcecode.swift; path = HexagonParameters.swift; sourceTree = "<group>"; };
		B0049DBF2A584F8B00C29A75 /* BadgeBackground.swift */ = {isa = PBXFileReference; lastKnownFileType = sourcecode.swift; path = BadgeBackground.swift; sourceTree = "<group>"; };
		B0049DC12A58521E00C29A75 /* BadgeSymbol.swift */ = {isa = PBXFileReference; lastKnownFileType = sourcecode.swift; path = BadgeSymbol.swift; sourceTree = "<group>"; };
		B0049DC32A58529E00C29A75 /* RotatedBadgeSymbol.swift */ = {isa = PBXFileReference; lastKnownFileType = sourcecode.swift; path = RotatedBadgeSymbol.swift; sourceTree = "<group>"; };
		B0049DC52A5852EB00C29A75 /* Badge.swift */ = {isa = PBXFileReference; lastKnownFileType = sourcecode.swift; path = Badge.swift; sourceTree = "<group>"; };
		B0049DC72A5854F000C29A75 /* HikeData.json */ = {isa = PBXFileReference; fileEncoding = 4; lastKnownFileType = text.json; path = HikeData.json; sourceTree = "<group>"; };
		B0049DC92A58552400C29A75 /* Hike.swift */ = {isa = PBXFileReference; lastKnownFileType = sourcecode.swift; path = Hike.swift; sourceTree = "<group>"; };
		B0049DCC2A58559A00C29A75 /* GraphCapsule.swift */ = {isa = PBXFileReference; fileEncoding = 4; lastKnownFileType = sourcecode.swift; path = GraphCapsule.swift; sourceTree = "<group>"; };
		B0049DCD2A58559A00C29A75 /* HikeGraph.swift */ = {isa = PBXFileReference; fileEncoding = 4; lastKnownFileType = sourcecode.swift; path = HikeGraph.swift; sourceTree = "<group>"; };
		B0049DCE2A58559A00C29A75 /* HikeDetail.swift */ = {isa = PBXFileReference; fileEncoding = 4; lastKnownFileType = sourcecode.swift; path = HikeDetail.swift; sourceTree = "<group>"; };
		B0049DCF2A58559A00C29A75 /* HikeView.swift */ = {isa = PBXFileReference; fileEncoding = 4; lastKnownFileType = sourcecode.swift; path = HikeView.swift; sourceTree = "<group>"; };
		B0049DD52A5859D400C29A75 /* CategoryHome.swift */ = {isa = PBXFileReference; lastKnownFileType = sourcecode.swift; path = CategoryHome.swift; sourceTree = "<group>"; };
		B0049DD72A585A7B00C29A75 /* CategoryRow.swift */ = {isa = PBXFileReference; lastKnownFileType = sourcecode.swift; path = CategoryRow.swift; sourceTree = "<group>"; };
		B0049DD92A585ACF00C29A75 /* CategoryItem.swift */ = {isa = PBXFileReference; lastKnownFileType = sourcecode.swift; path = CategoryItem.swift; sourceTree = "<group>"; };
		B0049DDB2A585FFA00C29A75 /* Profile.swift */ = {isa = PBXFileReference; lastKnownFileType = sourcecode.swift; path = Profile.swift; sourceTree = "<group>"; };
		B0049DDE2A58604700C29A75 /* ProfileHost.swift */ = {isa = PBXFileReference; lastKnownFileType = sourcecode.swift; path = ProfileHost.swift; sourceTree = "<group>"; };
		B0049DE02A58606900C29A75 /* ProfileSummary.swift */ = {isa = PBXFileReference; lastKnownFileType = sourcecode.swift; path = ProfileSummary.swift; sourceTree = "<group>"; };
		B0049DE22A5860DA00C29A75 /* HikeBadge.swift */ = {isa = PBXFileReference; lastKnownFileType = sourcecode.swift; path = HikeBadge.swift; sourceTree = "<group>"; };
		B0049DE42A58641400C29A75 /* ProfileEditor.swift */ = {isa = PBXFileReference; lastKnownFileType = sourcecode.swift; path = ProfileEditor.swift; sourceTree = "<group>"; };
		B0049DE72A58683500C29A75 /* PageViewController.swift */ = {isa = PBXFileReference; lastKnownFileType = sourcecode.swift; path = PageViewController.swift; sourceTree = "<group>"; };
		B0049DE92A5868D700C29A75 /* FeatureCard.swift */ = {isa = PBXFileReference; lastKnownFileType = sourcecode.swift; path = FeatureCard.swift; sourceTree = "<group>"; };
		B0049DEB2A58693D00C29A75 /* PageView.swift */ = {isa = PBXFileReference; lastKnownFileType = sourcecode.swift; path = PageView.swift; sourceTree = "<group>"; };
		B0049DED2A586B1D00C29A75 /* PageControl.swift */ = {isa = PBXFileReference; lastKnownFileType = sourcecode.swift; path = PageControl.swift; sourceTree = "<group>"; };
/* End PBXFileReference section */

/* Begin PBXFrameworksBuildPhase section */
		B0049D742A582ACE00C29A75 /* Frameworks */ = {
			isa = PBXFrameworksBuildPhase;
			buildActionMask = 2147483647;
			files = (
			);
			runOnlyForDeploymentPostprocessing = 0;
		};
		B0049D842A582ACF00C29A75 /* Frameworks */ = {
			isa = PBXFrameworksBuildPhase;
			buildActionMask = 2147483647;
			files = (
			);
			runOnlyForDeploymentPostprocessing = 0;
		};
		B0049D8E2A582ACF00C29A75 /* Frameworks */ = {
			isa = PBXFrameworksBuildPhase;
			buildActionMask = 2147483647;
			files = (
			);
			runOnlyForDeploymentPostprocessing = 0;
		};
/* End PBXFrameworksBuildPhase section */

/* Begin PBXGroup section */
		B0049D6E2A582ACE00C29A75 = {
			isa = PBXGroup;
			children = (
				B0049D792A582ACE00C29A75 /* SwiftUITutorial */,
				B0049D8A2A582ACF00C29A75 /* SwiftUITutorialTests */,
				B0049D942A582ACF00C29A75 /* SwiftUITutorialUITests */,
				B0049D782A582ACE00C29A75 /* Products */,
			);
			sourceTree = "<group>";
		};
		B0049D782A582ACE00C29A75 /* Products */ = {
			isa = PBXGroup;
			children = (
				B0049D772A582ACE00C29A75 /* SwiftUITutorial.app */,
				B0049D872A582ACF00C29A75 /* SwiftUITutorialTests.xctest */,
				B0049D912A582ACF00C29A75 /* SwiftUITutorialUITests.xctest */,
			);
			name = Products;
			sourceTree = "<group>";
		};
		B0049D792A582ACE00C29A75 /* SwiftUITutorial */ = {
			isa = PBXGroup;
			children = (
				B0049DA72A58341700C29A75 /* Application */,
				B0049DB12A583C1000C29A75 /* Model */,
				B0049D802A582ACF00C29A75 /* Preview Content */,
				B0049DA62A5833FE00C29A75 /* Resources */,
				B0049DB02A583C0500C29A75 /* Views */,
			);
			path = SwiftUITutorial;
			sourceTree = "<group>";
		};
		B0049D802A582ACF00C29A75 /* Preview Content */ = {
			isa = PBXGroup;
			children = (
				B0049D812A582ACF00C29A75 /* Preview Assets.xcassets */,
			);
			path = "Preview Content";
			sourceTree = "<group>";
		};
		B0049D8A2A582ACF00C29A75 /* SwiftUITutorialTests */ = {
			isa = PBXGroup;
			children = (
				B0049D8B2A582ACF00C29A75 /* SwiftUITutorialTests.swift */,
			);
			path = SwiftUITutorialTests;
			sourceTree = "<group>";
		};
		B0049D942A582ACF00C29A75 /* SwiftUITutorialUITests */ = {
			isa = PBXGroup;
			children = (
				B0049D952A582ACF00C29A75 /* SwiftUITutorialUITests.swift */,
				B0049D972A582ACF00C29A75 /* SwiftUITutorialUITestsLaunchTests.swift */,
			);
			path = SwiftUITutorialUITests;
			sourceTree = "<group>";
		};
		B0049DA62A5833FE00C29A75 /* Resources */ = {
			isa = PBXGroup;
			children = (
				B0049D7E2A582ACF00C29A75 /* Assets.xcassets */,
				B0049DC72A5854F000C29A75 /* HikeData.json */,
				B0049DAA2A583AB600C29A75 /* LandmarkData.json */,
			);
			path = Resources;
			sourceTree = "<group>";
		};
		B0049DA72A58341700C29A75 /* Application */ = {
			isa = PBXGroup;
			children = (
				B0049D7A2A582ACE00C29A75 /* Application.swift */,
				B0049D7C2A582ACE00C29A75 /* ContentView.swift */,
			);
			path = Application;
			sourceTree = "<group>";
		};
		B0049DB02A583C0500C29A75 /* Views */ = {
			isa = PBXGroup;
			children = (
				B0049DBE2A584F6E00C29A75 /* Badges */,
				B0049DD42A5859B700C29A75 /* Categories */,
				B0049DBB2A584BD100C29A75 /* Helpers */,
				B0049DCB2A58559A00C29A75 /* Hikes */,
				B0049DBA2A584BC800C29A75 /* Landmarks */,
				B0049DE62A58680E00C29A75 /* PageView */,
				B0049DDD2A58602400C29A75 /* Profiles */,
			);
			path = Views;
			sourceTree = "<group>";
		};
		B0049DB12A583C1000C29A75 /* Model */ = {
			isa = PBXGroup;
			children = (
				B0049DC92A58552400C29A75 /* Hike.swift */,
				B0049DAC2A583ADC00C29A75 /* Landmark.swift */,
				B0049DAE2A583BBA00C29A75 /* ModelData.swift */,
				B0049DDB2A585FFA00C29A75 /* Profile.swift */,
			);
			path = Model;
			sourceTree = "<group>";
		};
		B0049DBA2A584BC800C29A75 /* Landmarks */ = {
			isa = PBXGroup;
			children = (
				B0049DB62A583FD700C29A75 /* LandmarkDetail.swift */,
				B0049DB42A583EFB00C29A75 /* LandmarkList.swift */,
				B0049DB22A583C9B00C29A75 /* LandmarkRow.swift */,
			);
			path = Landmarks;
			sourceTree = "<group>";
		};
		B0049DBB2A584BD100C29A75 /* Helpers */ = {
			isa = PBXGroup;
			children = (
				B0049DA42A5833ED00C29A75 /* CircleImage.swift */,
				B0049DB82A584B1400C29A75 /* FavoriteButton.swift */,
				B0049DE92A5868D700C29A75 /* FeatureCard.swift */,
				B0049DA82A58351400C29A75 /* MapView.swift */,
			);
			path = Helpers;
			sourceTree = "<group>";
		};
		B0049DBE2A584F6E00C29A75 /* Badges */ = {
			isa = PBXGroup;
			children = (
				B0049DC52A5852EB00C29A75 /* Badge.swift */,
				B0049DBF2A584F8B00C29A75 /* BadgeBackground.swift */,
				B0049DC12A58521E00C29A75 /* BadgeSymbol.swift */,
				B0049DBC2A584ED500C29A75 /* HexagonParameters.swift */,
				B0049DC32A58529E00C29A75 /* RotatedBadgeSymbol.swift */,
			);
			path = Badges;
			sourceTree = "<group>";
		};
		B0049DCB2A58559A00C29A75 /* Hikes */ = {
			isa = PBXGroup;
			children = (
				B0049DCC2A58559A00C29A75 /* GraphCapsule.swift */,
				B0049DE22A5860DA00C29A75 /* HikeBadge.swift */,
				B0049DCE2A58559A00C29A75 /* HikeDetail.swift */,
				B0049DCD2A58559A00C29A75 /* HikeGraph.swift */,
				B0049DCF2A58559A00C29A75 /* HikeView.swift */,
			);
			path = Hikes;
			sourceTree = "<group>";
		};
		B0049DD42A5859B700C29A75 /* Categories */ = {
			isa = PBXGroup;
			children = (
				B0049DD52A5859D400C29A75 /* CategoryHome.swift */,
				B0049DD92A585ACF00C29A75 /* CategoryItem.swift */,
				B0049DD72A585A7B00C29A75 /* CategoryRow.swift */,
			);
			path = Categories;
			sourceTree = "<group>";
		};
		B0049DDD2A58602400C29A75 /* Profiles */ = {
			isa = PBXGroup;
			children = (
				B0049DE42A58641400C29A75 /* ProfileEditor.swift */,
				B0049DDE2A58604700C29A75 /* ProfileHost.swift */,
				B0049DE02A58606900C29A75 /* ProfileSummary.swift */,
			);
			path = Profiles;
			sourceTree = "<group>";
		};
		B0049DE62A58680E00C29A75 /* PageView */ = {
			isa = PBXGroup;
			children = (
				B0049DED2A586B1D00C29A75 /* PageControl.swift */,
				B0049DEB2A58693D00C29A75 /* PageView.swift */,
				B0049DE72A58683500C29A75 /* PageViewController.swift */,
			);
			path = PageView;
			sourceTree = "<group>";
		};
/* End PBXGroup section */

/* Begin PBXNativeTarget section */
		B0049D762A582ACE00C29A75 /* SwiftUITutorial */ = {
			isa = PBXNativeTarget;
			buildConfigurationList = B0049D9B2A582ACF00C29A75 /* Build configuration list for PBXNativeTarget "SwiftUITutorial" */;
			buildPhases = (
				B0049D732A582ACE00C29A75 /* Sources */,
				B0049D742A582ACE00C29A75 /* Frameworks */,
				B0049D752A582ACE00C29A75 /* Resources */,
			);
			buildRules = (
			);
			dependencies = (
			);
			name = SwiftUITutorial;
			productName = SwiftUITutorial;
			productReference = B0049D772A582ACE00C29A75 /* SwiftUITutorial.app */;
			productType = "com.apple.product-type.application";
		};
		B0049D862A582ACF00C29A75 /* SwiftUITutorialTests */ = {
			isa = PBXNativeTarget;
			buildConfigurationList = B0049D9E2A582ACF00C29A75 /* Build configuration list for PBXNativeTarget "SwiftUITutorialTests" */;
			buildPhases = (
				B0049D832A582ACF00C29A75 /* Sources */,
				B0049D842A582ACF00C29A75 /* Frameworks */,
				B0049D852A582ACF00C29A75 /* Resources */,
			);
			buildRules = (
			);
			dependencies = (
				B0049D892A582ACF00C29A75 /* PBXTargetDependency */,
			);
			name = SwiftUITutorialTests;
			productName = SwiftUITutorialTests;
			productReference = B0049D872A582ACF00C29A75 /* SwiftUITutorialTests.xctest */;
			productType = "com.apple.product-type.bundle.unit-test";
		};
		B0049D902A582ACF00C29A75 /* SwiftUITutorialUITests */ = {
			isa = PBXNativeTarget;
			buildConfigurationList = B0049DA12A582ACF00C29A75 /* Build configuration list for PBXNativeTarget "SwiftUITutorialUITests" */;
			buildPhases = (
				B0049D8D2A582ACF00C29A75 /* Sources */,
				B0049D8E2A582ACF00C29A75 /* Frameworks */,
				B0049D8F2A582ACF00C29A75 /* Resources */,
			);
			buildRules = (
			);
			dependencies = (
				B0049D932A582ACF00C29A75 /* PBXTargetDependency */,
			);
			name = SwiftUITutorialUITests;
			productName = SwiftUITutorialUITests;
			productReference = B0049D912A582ACF00C29A75 /* SwiftUITutorialUITests.xctest */;
			productType = "com.apple.product-type.bundle.ui-testing";
		};
/* End PBXNativeTarget section */

/* Begin PBXProject section */
		B0049D6F2A582ACE00C29A75 /* Project object */ = {
			isa = PBXProject;
			attributes = {
				BuildIndependentTargetsInParallel = 1;
				LastSwiftUpdateCheck = 1430;
				LastUpgradeCheck = 1430;
				TargetAttributes = {
					B0049D762A582ACE00C29A75 = {
						CreatedOnToolsVersion = 14.3.1;
					};
					B0049D862A582ACF00C29A75 = {
						CreatedOnToolsVersion = 14.3.1;
						TestTargetID = B0049D762A582ACE00C29A75;
					};
					B0049D902A582ACF00C29A75 = {
						CreatedOnToolsVersion = 14.3.1;
						TestTargetID = B0049D762A582ACE00C29A75;
					};
				};
			};
			buildConfigurationList = B0049D722A582ACE00C29A75 /* Build configuration list for PBXProject "SwiftUITutorial" */;
			compatibilityVersion = "Xcode 14.0";
			developmentRegion = en;
			hasScannedForEncodings = 0;
			knownRegions = (
				en,
				Base,
			);
			mainGroup = B0049D6E2A582ACE00C29A75;
			productRefGroup = B0049D782A582ACE00C29A75 /* Products */;
			projectDirPath = "";
			projectRoot = "";
			targets = (
				B0049D762A582ACE00C29A75 /* SwiftUITutorial */,
				B0049D862A582ACF00C29A75 /* SwiftUITutorialTests */,
				B0049D902A582ACF00C29A75 /* SwiftUITutorialUITests */,
			);
		};
/* End PBXProject section */

/* Begin PBXResourcesBuildPhase section */
		B0049D752A582ACE00C29A75 /* Resources */ = {
			isa = PBXResourcesBuildPhase;
			buildActionMask = 2147483647;
			files = (
				B0049DC82A5854F000C29A75 /* HikeData.json in Resources */,
				B0049D822A582ACF00C29A75 /* Preview Assets.xcassets in Resources */,
				B0049D7F2A582ACF00C29A75 /* Assets.xcassets in Resources */,
				B0049DAB2A583AB600C29A75 /* LandmarkData.json in Resources */,
			);
			runOnlyForDeploymentPostprocessing = 0;
		};
		B0049D852A582ACF00C29A75 /* Resources */ = {
			isa = PBXResourcesBuildPhase;
			buildActionMask = 2147483647;
			files = (
			);
			runOnlyForDeploymentPostprocessing = 0;
		};
		B0049D8F2A582ACF00C29A75 /* Resources */ = {
			isa = PBXResourcesBuildPhase;
			buildActionMask = 2147483647;
			files = (
			);
			runOnlyForDeploymentPostprocessing = 0;
		};
/* End PBXResourcesBuildPhase section */

/* Begin PBXSourcesBuildPhase section */
		B0049D732A582ACE00C29A75 /* Sources */ = {
			isa = PBXSourcesBuildPhase;
			buildActionMask = 2147483647;
			files = (
				B0049DD82A585A7B00C29A75 /* CategoryRow.swift in Sources */,
				B0049DDC2A585FFA00C29A75 /* Profile.swift in Sources */,
				B0049D7D2A582ACE00C29A75 /* ContentView.swift in Sources */,
				B0049DD62A5859D400C29A75 /* CategoryHome.swift in Sources */,
				B0049DEA2A5868D700C29A75 /* FeatureCard.swift in Sources */,
				B0049DD12A58559A00C29A75 /* HikeGraph.swift in Sources */,
				B0049DC62A5852EB00C29A75 /* Badge.swift in Sources */,
				B0049DA92A58351400C29A75 /* MapView.swift in Sources */,
				B0049DD02A58559A00C29A75 /* GraphCapsule.swift in Sources */,
				B0049D7B2A582ACE00C29A75 /* Application.swift in Sources */,
				B0049DEE2A586B1D00C29A75 /* PageControl.swift in Sources */,
				B0049DB92A584B1400C29A75 /* FavoriteButton.swift in Sources */,
				B0049DDA2A585ACF00C29A75 /* CategoryItem.swift in Sources */,
				B0049DD22A58559A00C29A75 /* HikeDetail.swift in Sources */,
				B0049DE12A58606900C29A75 /* ProfileSummary.swift in Sources */,
				B0049DBD2A584ED500C29A75 /* HexagonParameters.swift in Sources */,
				B0049DDF2A58604700C29A75 /* ProfileHost.swift in Sources */,
				B0049DCA2A58552400C29A75 /* Hike.swift in Sources */,
				B0049DC42A58529E00C29A75 /* RotatedBadgeSymbol.swift in Sources */,
				B0049DEC2A58693D00C29A75 /* PageView.swift in Sources */,
				B0049DC22A58521E00C29A75 /* BadgeSymbol.swift in Sources */,
				B0049DE52A58641400C29A75 /* ProfileEditor.swift in Sources */,
				B0049DB52A583EFB00C29A75 /* LandmarkList.swift in Sources */,
				B0049DD32A58559A00C29A75 /* HikeView.swift in Sources */,
				B0049DB72A583FD700C29A75 /* LandmarkDetail.swift in Sources */,
				B0049DE82A58683500C29A75 /* PageViewController.swift in Sources */,
				B0049DC02A584F8B00C29A75 /* BadgeBackground.swift in Sources */,
				B0049DE32A5860DA00C29A75 /* HikeBadge.swift in Sources */,
				B0049DA52A5833ED00C29A75 /* CircleImage.swift in Sources */,
				B0049DAD2A583ADC00C29A75 /* Landmark.swift in Sources */,
				B0049DB32A583C9B00C29A75 /* LandmarkRow.swift in Sources */,
				B0049DAF2A583BBA00C29A75 /* ModelData.swift in Sources */,
			);
			runOnlyForDeploymentPostprocessing = 0;
		};
		B0049D832A582ACF00C29A75 /* Sources */ = {
			isa = PBXSourcesBuildPhase;
			buildActionMask = 2147483647;
			files = (
				B0049D8C2A582ACF00C29A75 /* SwiftUITutorialTests.swift in Sources */,
			);
			runOnlyForDeploymentPostprocessing = 0;
		};
		B0049D8D2A582ACF00C29A75 /* Sources */ = {
			isa = PBXSourcesBuildPhase;
			buildActionMask = 2147483647;
			files = (
				B0049D982A582ACF00C29A75 /* SwiftUITutorialUITestsLaunchTests.swift in Sources */,
				B0049D962A582ACF00C29A75 /* SwiftUITutorialUITests.swift in Sources */,
			);
			runOnlyForDeploymentPostprocessing = 0;
		};
/* End PBXSourcesBuildPhase section */

/* Begin PBXTargetDependency section */
		B0049D892A582ACF00C29A75 /* PBXTargetDependency */ = {
			isa = PBXTargetDependency;
			target = B0049D762A582ACE00C29A75 /* SwiftUITutorial */;
			targetProxy = B0049D882A582ACF00C29A75 /* PBXContainerItemProxy */;
		};
		B0049D932A582ACF00C29A75 /* PBXTargetDependency */ = {
			isa = PBXTargetDependency;
			target = B0049D762A582ACE00C29A75 /* SwiftUITutorial */;
			targetProxy = B0049D922A582ACF00C29A75 /* PBXContainerItemProxy */;
		};
/* End PBXTargetDependency section */

/* Begin XCBuildConfiguration section */
		B0049D992A582ACF00C29A75 /* Debug */ = {
			isa = XCBuildConfiguration;
			buildSettings = {
				ALWAYS_SEARCH_USER_PATHS = NO;
				CLANG_ANALYZER_NONNULL = YES;
				CLANG_ANALYZER_NUMBER_OBJECT_CONVERSION = YES_AGGRESSIVE;
				CLANG_CXX_LANGUAGE_STANDARD = "gnu++20";
				CLANG_ENABLE_MODULES = YES;
				CLANG_ENABLE_OBJC_ARC = YES;
				CLANG_ENABLE_OBJC_WEAK = YES;
				CLANG_WARN_BLOCK_CAPTURE_AUTORELEASING = YES;
				CLANG_WARN_BOOL_CONVERSION = YES;
				CLANG_WARN_COMMA = YES;
				CLANG_WARN_CONSTANT_CONVERSION = YES;
				CLANG_WARN_DEPRECATED_OBJC_IMPLEMENTATIONS = YES;
				CLANG_WARN_DIRECT_OBJC_ISA_USAGE = YES_ERROR;
				CLANG_WARN_DOCUMENTATION_COMMENTS = YES;
				CLANG_WARN_EMPTY_BODY = YES;
				CLANG_WARN_ENUM_CONVERSION = YES;
				CLANG_WARN_INFINITE_RECURSION = YES;
				CLANG_WARN_INT_CONVERSION = YES;
				CLANG_WARN_NON_LITERAL_NULL_CONVERSION = YES;
				CLANG_WARN_OBJC_IMPLICIT_RETAIN_SELF = YES;
				CLANG_WARN_OBJC_LITERAL_CONVERSION = YES;
				CLANG_WARN_OBJC_ROOT_CLASS = YES_ERROR;
				CLANG_WARN_QUOTED_INCLUDE_IN_FRAMEWORK_HEADER = YES;
				CLANG_WARN_RANGE_LOOP_ANALYSIS = YES;
				CLANG_WARN_STRICT_PROTOTYPES = YES;
				CLANG_WARN_SUSPICIOUS_MOVE = YES;
				CLANG_WARN_UNGUARDED_AVAILABILITY = YES_AGGRESSIVE;
				CLANG_WARN_UNREACHABLE_CODE = YES;
				CLANG_WARN__DUPLICATE_METHOD_MATCH = YES;
				COPY_PHASE_STRIP = NO;
				DEBUG_INFORMATION_FORMAT = dwarf;
				ENABLE_STRICT_OBJC_MSGSEND = YES;
				ENABLE_TESTABILITY = YES;
				GCC_C_LANGUAGE_STANDARD = gnu11;
				GCC_DYNAMIC_NO_PIC = NO;
				GCC_NO_COMMON_BLOCKS = YES;
				GCC_OPTIMIZATION_LEVEL = 0;
				GCC_PREPROCESSOR_DEFINITIONS = (
					"DEBUG=1",
					"$(inherited)",
				);
				GCC_WARN_64_TO_32_BIT_CONVERSION = YES;
				GCC_WARN_ABOUT_RETURN_TYPE = YES_ERROR;
				GCC_WARN_UNDECLARED_SELECTOR = YES;
				GCC_WARN_UNINITIALIZED_AUTOS = YES_AGGRESSIVE;
				GCC_WARN_UNUSED_FUNCTION = YES;
				GCC_WARN_UNUSED_VARIABLE = YES;
				IPHONEOS_DEPLOYMENT_TARGET = 16.4;
				MTL_ENABLE_DEBUG_INFO = INCLUDE_SOURCE;
				MTL_FAST_MATH = YES;
				ONLY_ACTIVE_ARCH = YES;
				SDKROOT = iphoneos;
				SWIFT_ACTIVE_COMPILATION_CONDITIONS = DEBUG;
				SWIFT_OPTIMIZATION_LEVEL = "-Onone";
			};
			name = Debug;
		};
		B0049D9A2A582ACF00C29A75 /* Release */ = {
			isa = XCBuildConfiguration;
			buildSettings = {
				ALWAYS_SEARCH_USER_PATHS = NO;
				CLANG_ANALYZER_NONNULL = YES;
				CLANG_ANALYZER_NUMBER_OBJECT_CONVERSION = YES_AGGRESSIVE;
				CLANG_CXX_LANGUAGE_STANDARD = "gnu++20";
				CLANG_ENABLE_MODULES = YES;
				CLANG_ENABLE_OBJC_ARC = YES;
				CLANG_ENABLE_OBJC_WEAK = YES;
				CLANG_WARN_BLOCK_CAPTURE_AUTORELEASING = YES;
				CLANG_WARN_BOOL_CONVERSION = YES;
				CLANG_WARN_COMMA = YES;
				CLANG_WARN_CONSTANT_CONVERSION = YES;
				CLANG_WARN_DEPRECATED_OBJC_IMPLEMENTATIONS = YES;
				CLANG_WARN_DIRECT_OBJC_ISA_USAGE = YES_ERROR;
				CLANG_WARN_DOCUMENTATION_COMMENTS = YES;
				CLANG_WARN_EMPTY_BODY = YES;
				CLANG_WARN_ENUM_CONVERSION = YES;
				CLANG_WARN_INFINITE_RECURSION = YES;
				CLANG_WARN_INT_CONVERSION = YES;
				CLANG_WARN_NON_LITERAL_NULL_CONVERSION = YES;
				CLANG_WARN_OBJC_IMPLICIT_RETAIN_SELF = YES;
				CLANG_WARN_OBJC_LITERAL_CONVERSION = YES;
				CLANG_WARN_OBJC_ROOT_CLASS = YES_ERROR;
				CLANG_WARN_QUOTED_INCLUDE_IN_FRAMEWORK_HEADER = YES;
				CLANG_WARN_RANGE_LOOP_ANALYSIS = YES;
				CLANG_WARN_STRICT_PROTOTYPES = YES;
				CLANG_WARN_SUSPICIOUS_MOVE = YES;
				CLANG_WARN_UNGUARDED_AVAILABILITY = YES_AGGRESSIVE;
				CLANG_WARN_UNREACHABLE_CODE = YES;
				CLANG_WARN__DUPLICATE_METHOD_MATCH = YES;
				COPY_PHASE_STRIP = NO;
				DEBUG_INFORMATION_FORMAT = "dwarf-with-dsym";
				ENABLE_NS_ASSERTIONS = NO;
				ENABLE_STRICT_OBJC_MSGSEND = YES;
				GCC_C_LANGUAGE_STANDARD = gnu11;
				GCC_NO_COMMON_BLOCKS = YES;
				GCC_WARN_64_TO_32_BIT_CONVERSION = YES;
				GCC_WARN_ABOUT_RETURN_TYPE = YES_ERROR;
				GCC_WARN_UNDECLARED_SELECTOR = YES;
				GCC_WARN_UNINITIALIZED_AUTOS = YES_AGGRESSIVE;
				GCC_WARN_UNUSED_FUNCTION = YES;
				GCC_WARN_UNUSED_VARIABLE = YES;
				IPHONEOS_DEPLOYMENT_TARGET = 16.4;
				MTL_ENABLE_DEBUG_INFO = NO;
				MTL_FAST_MATH = YES;
				SDKROOT = iphoneos;
				SWIFT_COMPILATION_MODE = wholemodule;
				SWIFT_OPTIMIZATION_LEVEL = "-O";
				VALIDATE_PRODUCT = YES;
			};
			name = Release;
		};
		B0049D9C2A582ACF00C29A75 /* Debug */ = {
			isa = XCBuildConfiguration;
			buildSettings = {
				ASSETCATALOG_COMPILER_APPICON_NAME = AppIcon;
				ASSETCATALOG_COMPILER_GLOBAL_ACCENT_COLOR_NAME = AccentColor;
				CODE_SIGN_STYLE = Automatic;
				CURRENT_PROJECT_VERSION = 1;
				DEVELOPMENT_ASSET_PATHS = "\"SwiftUITutorial/Preview Content\"";
				ENABLE_PREVIEWS = YES;
				GENERATE_INFOPLIST_FILE = YES;
				INFOPLIST_KEY_CFBundleDisplayName = "SwiftUI Tutorial";
				INFOPLIST_KEY_UIApplicationSceneManifest_Generation = YES;
				INFOPLIST_KEY_UIApplicationSupportsIndirectInputEvents = YES;
				INFOPLIST_KEY_UILaunchScreen_Generation = YES;
				INFOPLIST_KEY_UISupportedInterfaceOrientations_iPad = "UIInterfaceOrientationPortrait UIInterfaceOrientationPortraitUpsideDown UIInterfaceOrientationLandscapeLeft UIInterfaceOrientationLandscapeRight";
				INFOPLIST_KEY_UISupportedInterfaceOrientations_iPhone = "UIInterfaceOrientationPortrait UIInterfaceOrientationLandscapeLeft UIInterfaceOrientationLandscapeRight";
				LD_RUNPATH_SEARCH_PATHS = (
					"$(inherited)",
					"@executable_path/Frameworks",
				);
				MARKETING_VERSION = 1.0.0;
				PRODUCT_BUNDLE_IDENTIFIER = "io.absoftware.swiftui-tutorial";
				PRODUCT_NAME = "$(TARGET_NAME)";
				SWIFT_EMIT_LOC_STRINGS = YES;
				SWIFT_VERSION = 5.0;
				TARGETED_DEVICE_FAMILY = "1,2";
			};
			name = Debug;
		};
		B0049D9D2A582ACF00C29A75 /* Release */ = {
			isa = XCBuildConfiguration;
			buildSettings = {
				ASSETCATALOG_COMPILER_APPICON_NAME = AppIcon;
				ASSETCATALOG_COMPILER_GLOBAL_ACCENT_COLOR_NAME = AccentColor;
				CODE_SIGN_STYLE = Automatic;
				CURRENT_PROJECT_VERSION = 1;
				DEVELOPMENT_ASSET_PATHS = "\"SwiftUITutorial/Preview Content\"";
				ENABLE_PREVIEWS = YES;
				GENERATE_INFOPLIST_FILE = YES;
				INFOPLIST_KEY_CFBundleDisplayName = "SwiftUI Tutorial";
				INFOPLIST_KEY_UIApplicationSceneManifest_Generation = YES;
				INFOPLIST_KEY_UIApplicationSupportsIndirectInputEvents = YES;
				INFOPLIST_KEY_UILaunchScreen_Generation = YES;
				INFOPLIST_KEY_UISupportedInterfaceOrientations_iPad = "UIInterfaceOrientationPortrait UIInterfaceOrientationPortraitUpsideDown UIInterfaceOrientationLandscapeLeft UIInterfaceOrientationLandscapeRight";
				INFOPLIST_KEY_UISupportedInterfaceOrientations_iPhone = "UIInterfaceOrientationPortrait UIInterfaceOrientationLandscapeLeft UIInterfaceOrientationLandscapeRight";
				LD_RUNPATH_SEARCH_PATHS = (
					"$(inherited)",
					"@executable_path/Frameworks",
				);
				MARKETING_VERSION = 1.0.0;
				PRODUCT_BUNDLE_IDENTIFIER = "io.absoftware.swiftui-tutorial";
				PRODUCT_NAME = "$(TARGET_NAME)";
				SWIFT_EMIT_LOC_STRINGS = YES;
				SWIFT_VERSION = 5.0;
				TARGETED_DEVICE_FAMILY = "1,2";
			};
			name = Release;
		};
		B0049D9F2A582ACF00C29A75 /* Debug */ = {
			isa = XCBuildConfiguration;
			buildSettings = {
				ALWAYS_EMBED_SWIFT_STANDARD_LIBRARIES = YES;
				BUNDLE_LOADER = "$(TEST_HOST)";
				CODE_SIGN_STYLE = Automatic;
				CURRENT_PROJECT_VERSION = 1;
				GENERATE_INFOPLIST_FILE = YES;
				IPHONEOS_DEPLOYMENT_TARGET = 16.4;
				MARKETING_VERSION = 1.0;
				PRODUCT_BUNDLE_IDENTIFIER = io.absoftware.SwiftUITutorialTests;
				PRODUCT_NAME = "$(TARGET_NAME)";
				SWIFT_EMIT_LOC_STRINGS = NO;
				SWIFT_VERSION = 5.0;
				TARGETED_DEVICE_FAMILY = "1,2";
				TEST_HOST = "$(BUILT_PRODUCTS_DIR)/SwiftUITutorial.app/$(BUNDLE_EXECUTABLE_FOLDER_PATH)/SwiftUITutorial";
			};
			name = Debug;
		};
		B0049DA02A582ACF00C29A75 /* Release */ = {
			isa = XCBuildConfiguration;
			buildSettings = {
				ALWAYS_EMBED_SWIFT_STANDARD_LIBRARIES = YES;
				BUNDLE_LOADER = "$(TEST_HOST)";
				CODE_SIGN_STYLE = Automatic;
				CURRENT_PROJECT_VERSION = 1;
				GENERATE_INFOPLIST_FILE = YES;
				IPHONEOS_DEPLOYMENT_TARGET = 16.4;
				MARKETING_VERSION = 1.0;
				PRODUCT_BUNDLE_IDENTIFIER = io.absoftware.SwiftUITutorialTests;
				PRODUCT_NAME = "$(TARGET_NAME)";
				SWIFT_EMIT_LOC_STRINGS = NO;
				SWIFT_VERSION = 5.0;
				TARGETED_DEVICE_FAMILY = "1,2";
				TEST_HOST = "$(BUILT_PRODUCTS_DIR)/SwiftUITutorial.app/$(BUNDLE_EXECUTABLE_FOLDER_PATH)/SwiftUITutorial";
			};
			name = Release;
		};
		B0049DA22A582ACF00C29A75 /* Debug */ = {
			isa = XCBuildConfiguration;
			buildSettings = {
				ALWAYS_EMBED_SWIFT_STANDARD_LIBRARIES = YES;
				CODE_SIGN_STYLE = Automatic;
				CURRENT_PROJECT_VERSION = 1;
				GENERATE_INFOPLIST_FILE = YES;
				MARKETING_VERSION = 1.0;
				PRODUCT_BUNDLE_IDENTIFIER = io.absoftware.SwiftUITutorialUITests;
				PRODUCT_NAME = "$(TARGET_NAME)";
				SWIFT_EMIT_LOC_STRINGS = NO;
				SWIFT_VERSION = 5.0;
				TARGETED_DEVICE_FAMILY = "1,2";
				TEST_TARGET_NAME = SwiftUITutorial;
			};
			name = Debug;
		};
		B0049DA32A582ACF00C29A75 /* Release */ = {
			isa = XCBuildConfiguration;
			buildSettings = {
				ALWAYS_EMBED_SWIFT_STANDARD_LIBRARIES = YES;
				CODE_SIGN_STYLE = Automatic;
				CURRENT_PROJECT_VERSION = 1;
				GENERATE_INFOPLIST_FILE = YES;
				MARKETING_VERSION = 1.0;
				PRODUCT_BUNDLE_IDENTIFIER = io.absoftware.SwiftUITutorialUITests;
				PRODUCT_NAME = "$(TARGET_NAME)";
				SWIFT_EMIT_LOC_STRINGS = NO;
				SWIFT_VERSION = 5.0;
				TARGETED_DEVICE_FAMILY = "1,2";
				TEST_TARGET_NAME = SwiftUITutorial;
			};
			name = Release;
		};
/* End XCBuildConfiguration section */

/* Begin XCConfigurationList section */
		B0049D722A582ACE00C29A75 /* Build configuration list for PBXProject "SwiftUITutorial" */ = {
			isa = XCConfigurationList;
			buildConfigurations = (
				B0049D992A582ACF00C29A75 /* Debug */,
				B0049D9A2A582ACF00C29A75 /* Release */,
			);
			defaultConfigurationIsVisible = 0;
			defaultConfigurationName = Release;
		};
		B0049D9B2A582ACF00C29A75 /* Build configuration list for PBXNativeTarget "SwiftUITutorial" */ = {
			isa = XCConfigurationList;
			buildConfigurations = (
				B0049D9C2A582ACF00C29A75 /* Debug */,
				B0049D9D2A582ACF00C29A75 /* Release */,
			);
			defaultConfigurationIsVisible = 0;
			defaultConfigurationName = Release;
		};
		B0049D9E2A582ACF00C29A75 /* Build configuration list for PBXNativeTarget "SwiftUITutorialTests" */ = {
			isa = XCConfigurationList;
			buildConfigurations = (
				B0049D9F2A582ACF00C29A75 /* Debug */,
				B0049DA02A582ACF00C29A75 /* Release */,
			);
			defaultConfigurationIsVisible = 0;
			defaultConfigurationName = Release;
		};
		B0049DA12A582ACF00C29A75 /* Build configuration list for PBXNativeTarget "SwiftUITutorialUITests" */ = {
			isa = XCConfigurationList;
			buildConfigurations = (
				B0049DA22A582ACF00C29A75 /* Debug */,
				B0049DA32A582ACF00C29A75 /* Release */,
			);
			defaultConfigurationIsVisible = 0;
			defaultConfigurationName = Release;
		};
/* End XCConfigurationList section */
	};
	rootObject = B0049D6F2A582ACE00C29A75 /* Project object */;
}
